
Microsoft Visual Studio Solution File, Format Version 12.00
# Visual Studio Version 16
VisualStudioVersion = 16.0.29519.87
MinimumVisualStudioVersion = 10.0.40219.1
Project("{FAE04EC0-301F-11D3-BF4B-00C04F79EFBC}") = "projectCourses", "projectCourses\projectCourses.csproj", "{50A9AE00-6640-4B94-B8D6-4495C94CB90F}"
EndProject
Global
	GlobalSection(SolutionConfigurationPlatforms) = preSolution
		Debug|Any CPU = Debug|Any CPU
		Release|Any CPU = Release|Any CPU
	EndGlobalSection
	GlobalSection(ProjectConfigurationPlatforms) = postSolution
		{50A9AE00-6640-4B94-B8D6-4495C94CB90F}.Debug|Any CPU.ActiveCfg = Debug|Any CPU
		{50A9AE00-6640-4B94-B8D6-4495C94CB90F}.Debug|Any CPU.Build.0 = Debug|Any CPU
		{50A9AE00-6640-4B94-B8D6-4495C94CB90F}.Release|Any CPU.ActiveCfg = Release|Any CPU
		{50A9AE00-6640-4B94-B8D6-4495C94CB90F}.Release|Any CPU.Build.0 = Release|Any CPU
	EndGlobalSection
	GlobalSection(SolutionProperties) = preSolution
		HideSolutionNode = FALSE
	EndGlobalSection
	GlobalSection(ExtensibilityGlobals) = postSolution
		SolutionGuid = {F330427A-E3BA-477A-A8A0-ADAB1004FFC1}
	EndGlobalSection
EndGlobal
